
Microsoft Visual Studio Solution File, Format Version 12.00
# Visual Studio Version 17
VisualStudioVersion = 17.13.35825.156
MinimumVisualStudioVersion = 10.0.40219.1
Project("{FAE04EC0-301F-11D3-BF4B-00C04F79EFBC}") = "MondoCore.Azure.KeyVault", "MondoCore.Azure.KeyVault\MondoCore.Azure.KeyVault.csproj", "{C703D82E-1963-D432-B2CB-21E7F1FC5C92}"
EndProject
Project("{FAE04EC0-301F-11D3-BF4B-00C04F79EFBC}") = "MondoCore.Azure.KeyVault.FunctionalTests", "MondoCore.Azure.KeyVault.FunctionalTests\MondoCore.Azure.KeyVault.FunctionalTests.csproj", "{C06A6630-2E72-0F56-A011-624606B6FF85}"
EndProject
Project("{2150E333-8FDC-42A3-9474-1A3956D46DE8}") = "Solution Items", "Solution Items", "{8EC462FD-D22E-90A8-E5CE-7E832BA40C5D}"
	ProjectSection(SolutionItems) = preProject
		.gitignore = .gitignore
		LICENSE = LICENSE
		README.md = README.md
	EndProjectSection
EndProject
Global
	GlobalSection(SolutionConfigurationPlatforms) = preSolution
		Debug|Any CPU = Debug|Any CPU
		Release|Any CPU = Release|Any CPU
	EndGlobalSection
	GlobalSection(ProjectConfigurationPlatforms) = postSolution
		{C703D82E-1963-D432-B2CB-21E7F1FC5C92}.Debug|Any CPU.ActiveCfg = Debug|Any CPU
		{C703D82E-1963-D432-B2CB-21E7F1FC5C92}.Debug|Any CPU.Build.0 = Debug|Any CPU
		{C703D82E-1963-D432-B2CB-21E7F1FC5C92}.Release|Any CPU.ActiveCfg = Release|Any CPU
		{C703D82E-1963-D432-B2CB-21E7F1FC5C92}.Release|Any CPU.Build.0 = Release|Any CPU
		{C06A6630-2E72-0F56-A011-624606B6FF85}.Debug|Any CPU.ActiveCfg = Debug|Any CPU
		{C06A6630-2E72-0F56-A011-624606B6FF85}.Debug|Any CPU.Build.0 = Debug|Any CPU
		{C06A6630-2E72-0F56-A011-624606B6FF85}.Release|Any CPU.ActiveCfg = Release|Any CPU
		{C06A6630-2E72-0F56-A011-624606B6FF85}.Release|Any CPU.Build.0 = Release|Any CPU
	EndGlobalSection
	GlobalSection(SolutionProperties) = preSolution
		HideSolutionNode = FALSE
	EndGlobalSection
	GlobalSection(ExtensibilityGlobals) = postSolution
		SolutionGuid = {D8686E15-8CBC-45A3-9BC1-E7E260AC7F05}
	EndGlobalSection
EndGlobal
